
Microsoft Visual Studio Solution File, Format Version 12.00
# Visual Studio Version 16
VisualStudioVersion = 16.0.32929.386
MinimumVisualStudioVersion = 10.0.40219.1
Project("{FAE04EC0-301F-11D3-BF4B-00C04F79EFBC}") = "ConsoleUI", "ConsoleUI\ConsoleUI.csproj", "{8B829DD4-50F8-48B6-9217-CE1DC9723CBE}"
EndProject
Project("{FAE04EC0-301F-11D3-BF4B-00C04F79EFBC}") = "Business", "Business\Business.csproj", "{7DF3285E-203E-44A1-A51B-33E1F84C3A2A}"
EndProject
Project("{FAE04EC0-301F-11D3-BF4B-00C04F79EFBC}") = "DataAccess", "DataAccess\DataAccess.csproj", "{0BCA2F61-2970-430B-BCF1-94D37D7028C2}"
EndProject
Project("{FAE04EC0-301F-11D3-BF4B-00C04F79EFBC}") = "Core", "Core\Core.csproj", "{2BE343AB-E131-4BC3-B0D4-46E7AE97918B}"
EndProject
Project("{FAE04EC0-301F-11D3-BF4B-00C04F79EFBC}") = "Entities", "Entities\Entities.csproj", "{7D143F0F-5AC8-4F7F-B133-A25C64E92EAB}"
EndProject
Global
	GlobalSection(SolutionConfigurationPlatforms) = preSolution
		Debug|Any CPU = Debug|Any CPU
		Release|Any CPU = Release|Any CPU
	EndGlobalSection
	GlobalSection(ProjectConfigurationPlatforms) = postSolution
		{8B829DD4-50F8-48B6-9217-CE1DC9723CBE}.Debug|Any CPU.ActiveCfg = Debug|Any CPU
		{8B829DD4-50F8-48B6-9217-CE1DC9723CBE}.Debug|Any CPU.Build.0 = Debug|Any CPU
		{8B829DD4-50F8-48B6-9217-CE1DC9723CBE}.Release|Any CPU.ActiveCfg = Release|Any CPU
		{8B829DD4-50F8-48B6-9217-CE1DC9723CBE}.Release|Any CPU.Build.0 = Release|Any CPU
		{7DF3285E-203E-44A1-A51B-33E1F84C3A2A}.Debug|Any CPU.ActiveCfg = Debug|Any CPU
		{7DF3285E-203E-44A1-A51B-33E1F84C3A2A}.Debug|Any CPU.Build.0 = Debug|Any CPU
		{7DF3285E-203E-44A1-A51B-33E1F84C3A2A}.Release|Any CPU.ActiveCfg = Release|Any CPU
		{7DF3285E-203E-44A1-A51B-33E1F84C3A2A}.Release|Any CPU.Build.0 = Release|Any CPU
		{0BCA2F61-2970-430B-BCF1-94D37D7028C2}.Debug|Any CPU.ActiveCfg = Debug|Any CPU
		{0BCA2F61-2970-430B-BCF1-94D37D7028C2}.Debug|Any CPU.Build.0 = Debug|Any CPU
		{0BCA2F61-2970-430B-BCF1-94D37D7028C2}.Release|Any CPU.ActiveCfg = Release|Any CPU
		{0BCA2F61-2970-430B-BCF1-94D37D7028C2}.Release|Any CPU.Build.0 = Release|Any CPU
		{2BE343AB-E131-4BC3-B0D4-46E7AE97918B}.Debug|Any CPU.ActiveCfg = Debug|Any CPU
		{2BE343AB-E131-4BC3-B0D4-46E7AE97918B}.Debug|Any CPU.Build.0 = Debug|Any CPU
		{2BE343AB-E131-4BC3-B0D4-46E7AE97918B}.Release|Any CPU.ActiveCfg = Release|Any CPU
		{2BE343AB-E131-4BC3-B0D4-46E7AE97918B}.Release|Any CPU.Build.0 = Release|Any CPU
		{7D143F0F-5AC8-4F7F-B133-A25C64E92EAB}.Debug|Any CPU.ActiveCfg = Debug|Any CPU
		{7D143F0F-5AC8-4F7F-B133-A25C64E92EAB}.Debug|Any CPU.Build.0 = Debug|Any CPU
		{7D143F0F-5AC8-4F7F-B133-A25C64E92EAB}.Release|Any CPU.ActiveCfg = Release|Any CPU
		{7D143F0F-5AC8-4F7F-B133-A25C64E92EAB}.Release|Any CPU.Build.0 = Release|Any CPU
	EndGlobalSection
	GlobalSection(SolutionProperties) = preSolution
		HideSolutionNode = FALSE
	EndGlobalSection
	GlobalSection(ExtensibilityGlobals) = postSolution
		SolutionGuid = {21291024-6068-4E91-BF42-F6B8D410D63B}
	EndGlobalSection
EndGlobal
